
Microsoft Visual Studio Solution File, Format Version 12.00
# Visual Studio Version 17
VisualStudioVersion = 17.0.31912.275
MinimumVisualStudioVersion = 10.0.40219.1
Project("{9A19103F-16F7-4668-BE54-9A1E7A4F7556}") = "AssignmentOfEnlightSolutions", "AssignmentOfEnlightSolutions\AssignmentOfEnlightSolutions.csproj", "{19F244C5-78C4-431E-863B-6BF9A8AEB1E1}"
EndProject
Project("{9A19103F-16F7-4668-BE54-9A1E7A4F7556}") = "AssignmentOfEnlightSolutions_DataAccess", "AssignmentOfEnlightSolutions_DataAccess\AssignmentOfEnlightSolutions_DataAccess.csproj", "{D1460B93-61CD-4D91-8442-A6D048CF6DE8}"
EndProject
Project("{9A19103F-16F7-4668-BE54-9A1E7A4F7556}") = "AssignmentOfEnlightSolutions_Models", "AssignmentOfEnlightSolutions_Models\AssignmentOfEnlightSolutions_Models.csproj", "{425920F1-4AC6-44C4-8D77-EF1002E3AA3D}"
EndProject
Project("{FAE04EC0-301F-11D3-BF4B-00C04F79EFBC}") = "AssignmentOfEnlightSolutions_Utility", "AssignmentOfEnlightSolutions_Utility\AssignmentOfEnlightSolutions_Utility.csproj", "{5276FEBE-0C9A-436E-9633-224C5EDF13DB}"
EndProject
Global
	GlobalSection(SolutionConfigurationPlatforms) = preSolution
		Debug|Any CPU = Debug|Any CPU
		Release|Any CPU = Release|Any CPU
	EndGlobalSection
	GlobalSection(ProjectConfigurationPlatforms) = postSolution
		{19F244C5-78C4-431E-863B-6BF9A8AEB1E1}.Debug|Any CPU.ActiveCfg = Debug|Any CPU
		{19F244C5-78C4-431E-863B-6BF9A8AEB1E1}.Debug|Any CPU.Build.0 = Debug|Any CPU
		{19F244C5-78C4-431E-863B-6BF9A8AEB1E1}.Release|Any CPU.ActiveCfg = Release|Any CPU
		{19F244C5-78C4-431E-863B-6BF9A8AEB1E1}.Release|Any CPU.Build.0 = Release|Any CPU
		{D1460B93-61CD-4D91-8442-A6D048CF6DE8}.Debug|Any CPU.ActiveCfg = Debug|Any CPU
		{D1460B93-61CD-4D91-8442-A6D048CF6DE8}.Debug|Any CPU.Build.0 = Debug|Any CPU
		{D1460B93-61CD-4D91-8442-A6D048CF6DE8}.Release|Any CPU.ActiveCfg = Release|Any CPU
		{D1460B93-61CD-4D91-8442-A6D048CF6DE8}.Release|Any CPU.Build.0 = Release|Any CPU
		{425920F1-4AC6-44C4-8D77-EF1002E3AA3D}.Debug|Any CPU.ActiveCfg = Debug|Any CPU
		{425920F1-4AC6-44C4-8D77-EF1002E3AA3D}.Debug|Any CPU.Build.0 = Debug|Any CPU
		{425920F1-4AC6-44C4-8D77-EF1002E3AA3D}.Release|Any CPU.ActiveCfg = Release|Any CPU
		{425920F1-4AC6-44C4-8D77-EF1002E3AA3D}.Release|Any CPU.Build.0 = Release|Any CPU
		{5276FEBE-0C9A-436E-9633-224C5EDF13DB}.Debug|Any CPU.ActiveCfg = Debug|Any CPU
		{5276FEBE-0C9A-436E-9633-224C5EDF13DB}.Debug|Any CPU.Build.0 = Debug|Any CPU
		{5276FEBE-0C9A-436E-9633-224C5EDF13DB}.Release|Any CPU.ActiveCfg = Release|Any CPU
		{5276FEBE-0C9A-436E-9633-224C5EDF13DB}.Release|Any CPU.Build.0 = Release|Any CPU
	EndGlobalSection
	GlobalSection(SolutionProperties) = preSolution
		HideSolutionNode = FALSE
	EndGlobalSection
	GlobalSection(ExtensibilityGlobals) = postSolution
		SolutionGuid = {F299011D-8BEE-494C-9EE2-FA1D5CC13130}
	EndGlobalSection
EndGlobal
